github.com/jcmdln/cugo v0.0.0-20190207222648-e3f9b31515ec h1:U+J/6r75USV94MVgIj/3RgVnWS07Kuli2NWPagQ2U3I=
github.com/jcmdln/cugo v0.0.0-20190207222648-e3f9b31515ec/go.mod h1:D3c/BzsZHakH9WW/yaRz9LQoyj3Mq4BO9RSphbm2iTY=
github.com/jcmdln/flagger v0.0.0-20190202014003-7807e0300c48/go.mod h1:vk24Og8pXwOiinf7IH8+M/Qiy2kDaU/eAUZuf2Of8yA=
